// !$*UTF8*$!
{
	archiveVersion = 1;
	classes = {
	};
	objectVersion = 55;
	objects = {

/* Begin PBXBuildFile section */
		19B0FAFA272061600035354C /* FavoriteThingsApp.swift in Sources */ = {isa = PBXBuildFile; fileRef = 19B0FAF9272061600035354C /* FavoriteThingsApp.swift */; };
		19B0FAFC272061600035354C /* ContentView.swift in Sources */ = {isa = PBXBuildFile; fileRef = 19B0FAFB272061600035354C /* ContentView.swift */; };
		19B0FAFE272061620035354C /* Assets.xcassets in Resources */ = {isa = PBXBuildFile; fileRef = 19B0FAFD272061620035354C /* Assets.xcassets */; };
		19B0FB01272061620035354C /* Preview Assets.xcassets in Resources */ = {isa = PBXBuildFile; fileRef = 19B0FB00272061620035354C /* Preview Assets.xcassets */; };
		19B0FB08272065290035354C /* SecondFavoriteView.swift in Sources */ = {isa = PBXBuildFile; fileRef = 19B0FB07272065290035354C /* SecondFavoriteView.swift */; };
		19FBFDDB2722409100D39150 /* ThirdFavoriteView.swift in Sources */ = {isa = PBXBuildFile; fileRef = 19FBFDDA2722409100D39150 /* ThirdFavoriteView.swift */; };
/* End PBXBuildFile section */

/* Begin PBXFileReference section */
		19B0FAF6272061600035354C /* FavoriteThings.app */ = {isa = PBXFileReference; explicitFileType = wrapper.application; includeInIndex = 0; path = FavoriteThings.app; sourceTree = BUILT_PRODUCTS_DIR; };
		19B0FAF9272061600035354C /* FavoriteThingsApp.swift */ = {isa = PBXFileReference; lastKnownFileType = sourcecode.swift; path = FavoriteThingsApp.swift; sourceTree = "<group>"; };
		19B0FAFB272061600035354C /* ContentView.swift */ = {isa = PBXFileReference; lastKnownFileType = sourcecode.swift; path = ContentView.swift; sourceTree = "<group>"; };
		19B0FAFD272061620035354C /* Assets.xcassets */ = {isa = PBXFileReference; lastKnownFileType = folder.assetcatalog; path = Assets.xcassets; sourceTree = "<group>"; };
		19B0FB00272061620035354C /* Preview Assets.xcassets */ = {isa = PBXFileReference; lastKnownFileType = folder.assetcatalog; path = "Preview Assets.xcassets"; sourceTree = "<group>"; };
		19B0FB07272065290035354C /* SecondFavoriteView.swift */ = {isa = PBXFileReference; lastKnownFileType = sourcecode.swift; path = SecondFavoriteView.swift; sourceTree = "<group>"; };
		19FBFDDA2722409100D39150 /* ThirdFavoriteView.swift */ = {isa = PBXFileReference; lastKnownFileType = sourcecode.swift; path = ThirdFavoriteView.swift; sourceTree = "<group>"; };
/* End PBXFileReference section */

/* Begin PBXFrameworksBuildPhase section */
		19B0FAF3272061600035354C /* Frameworks */ = {
			isa = PBXFrameworksBuildPhase;
			buildActionMask = 2147483647;
			files = (
			);
			runOnlyForDeploymentPostprocessing = 0;
		};
/* End PBXFrameworksBuildPhase section */

/* Begin PBXGroup section */
		191EF63C2727084A00AC5F75 /* Views */ = {
			isa = PBXGroup;
			children = (
				19B0FAFB272061600035354C /* ContentView.swift */,
				19FBFDDA2722409100D39150 /* ThirdFavoriteView.swift */,
				19B0FB07272065290035354C /* SecondFavoriteView.swift */,
			);
			path = Views;
			sourceTree = "<group>";
		};
		19B0FAED272061600035354C = {
			isa = PBXGroup;
			children = (
				19B0FAF8272061600035354C /* FavoriteThings */,
				19B0FAF7272061600035354C /* Products */,
			);
			sourceTree = "<group>";
		};
		19B0FAF7272061600035354C /* Products */ = {
			isa = PBXGroup;
			children = (
				19B0FAF6272061600035354C /* FavoriteThings.app */,
			);
			name = Products;
			sourceTree = "<group>";
		};
		19B0FAF8272061600035354C /* FavoriteThings */ = {
			isa = PBXGroup;
			children = (
				19B0FAF9272061600035354C /* FavoriteThingsApp.swift */,
				191EF63C2727084A00AC5F75 /* Views */,
				19B0FAFD272061620035354C /* Assets.xcassets */,
				19B0FAFF272061620035354C /* Preview Content */,
			);
			path = FavoriteThings;
			sourceTree = "<group>";
		};
		19B0FAFF272061620035354C /* Preview Content */ = {
			isa = PBXGroup;
			children = (
				19B0FB00272061620035354C /* Preview Assets.xcassets */,
			);
			path = "Preview Content";
			sourceTree = "<group>";
		};
/* End PBXGroup section */

/* Begin PBXNativeTarget section */
		19B0FAF5272061600035354C /* FavoriteThings */ = {
			isa = PBXNativeTarget;
			buildConfigurationList = 19B0FB04272061620035354C /* Build configuration list for PBXNativeTarget "FavoriteThings" */;
			buildPhases = (
				19B0FAF2272061600035354C /* Sources */,
				19B0FAF3272061600035354C /* Frameworks */,
				19B0FAF4272061600035354C /* Resources */,
			);
			buildRules = (
			);
			dependencies = (
			);
			name = FavoriteThings;
			productName = FavoriteThings;
			productReference = 19B0FAF6272061600035354C /* FavoriteThings.app */;
			productType = "com.apple.product-type.application";
		};
/* End PBXNativeTarget section */

/* Begin PBXProject section */
		19B0FAEE272061600035354C /* Project object */ = {
			isa = PBXProject;
			attributes = {
				BuildIndependentTargetsInParallel = 1;
				LastSwiftUpdateCheck = 1300;
				LastUpgradeCheck = 1300;
				TargetAttributes = {
					19B0FAF5272061600035354C = {
						CreatedOnToolsVersion = 13.0;
					};
				};
			};
			buildConfigurationList = 19B0FAF1272061600035354C /* Build configuration list for PBXProject "FavoriteThings" */;
			compatibilityVersion = "Xcode 13.0";
			developmentRegion = en;
			hasScannedForEncodings = 0;
			knownRegions = (
				en,
				Base,
			);
			mainGroup = 19B0FAED272061600035354C;
			productRefGroup = 19B0FAF7272061600035354C /* Products */;
			projectDirPath = "";
			projectRoot = "";
			targets = (
				19B0FAF5272061600035354C /* FavoriteThings */,
			);
		};
/* End PBXProject section */

/* Begin PBXResourcesBuildPhase section */
		19B0FAF4272061600035354C /* Resources */ = {
			isa = PBXResourcesBuildPhase;
			buildActionMask = 2147483647;
			files = (
				19B0FB01272061620035354C /* Preview Assets.xcassets in Resources */,
				19B0FAFE272061620035354C /* Assets.xcassets in Resources */,
			);
			runOnlyForDeploymentPostprocessing = 0;
		};
/* End PBXResourcesBuildPhase section */

/* Begin PBXSourcesBuildPhase section */
		19B0FAF2272061600035354C /* Sources */ = {
			isa = PBXSourcesBuildPhase;
			buildActionMask = 2147483647;
			files = (
				19FBFDDB2722409100D39150 /* ThirdFavoriteView.swift in Sources */,
				19B0FAFC272061600035354C /* ContentView.swift in Sources */,
				19B0FB08272065290035354C /* SecondFavoriteView.swift in Sources */,
				19B0FAFA272061600035354C /* FavoriteThingsApp.swift in Sources */,
			);
			runOnlyForDeploymentPostprocessing = 0;
		};
/* End PBXSourcesBuildPhase section */

/* Begin XCBuildConfiguration section */
		19B0FB02272061620035354C /* Debug */ = {
			isa = XCBuildConfiguration;
			buildSettings = {
				ALWAYS_SEARCH_USER_PATHS = NO;
				CLANG_ANALYZER_NONNULL = YES;
				CLANG_ANALYZER_NUMBER_OBJECT_CONVERSION = YES_AGGRESSIVE;
				CLANG_CXX_LANGUAGE_STANDARD = "gnu++17";
				CLANG_CXX_LIBRARY = "libc++";
				CLANG_ENABLE_MODULES = YES;
				CLANG_ENABLE_OBJC_ARC = YES;
				CLANG_ENABLE_OBJC_WEAK = YES;
				CLANG_WARN_BLOCK_CAPTURE_AUTORELEASING = YES;
				CLANG_WARN_BOOL_CONVERSION = YES;
				CLANG_WARN_COMMA = YES;
				CLANG_WARN_CONSTANT_CONVERSION = YES;
				CLANG_WARN_DEPRECATED_OBJC_IMPLEMENTATIONS = YES;
				CLANG_WARN_DIRECT_OBJC_ISA_USAGE = YES_ERROR;
				CLANG_WARN_DOCUMENTATION_COMMENTS = YES;
				CLANG_WARN_EMPTY_BODY = YES;
				CLANG_WARN_ENUM_CONVERSION = YES;
				CLANG_WARN_INFINITE_RECURSION = YES;
				CLANG_WARN_INT_CONVERSION = YES;
				CLANG_WARN_NON_LITERAL_NULL_CONVERSION = YES;
				CLANG_WARN_OBJC_IMPLICIT_RETAIN_SELF = YES;
				CLANG_WARN_OBJC_LITERAL_CONVERSION = YES;
				CLANG_WARN_OBJC_ROOT_CLASS = YES_ERROR;
				CLANG_WARN_QUOTED_INCLUDE_IN_FRAMEWORK_HEADER = YES;
				CLANG_WARN_RANGE_LOOP_ANALYSIS = YES;
				CLANG_WARN_STRICT_PROTOTYPES = YES;
				CLANG_WARN_SUSPICIOUS_MOVE = YES;
				CLANG_WARN_UNGUARDED_AVAILABILITY = YES_AGGRESSIVE;
				CLANG_WARN_UNREACHABLE_CODE = YES;
				CLANG_WARN__DUPLICATE_METHOD_MATCH = YES;
				COPY_PHASE_STRIP = NO;
				DEBUG_INFORMATION_FORMAT = dwarf;
				ENABLE_STRICT_OBJC_MSGSEND = YES;
				ENABLE_TESTABILITY = YES;
				GCC_C_LANGUAGE_STANDARD = gnu11;
				GCC_DYNAMIC_NO_PIC = NO;
				GCC_NO_COMMON_BLOCKS = YES;
				GCC_OPTIMIZATION_LEVEL = 0;
				GCC_PREPROCESSOR_DEFINITIONS = (
					"DEBUG=1",
					"$(inherited)",
				);
				GCC_WARN_64_TO_32_BIT_CONVERSION = YES;
				GCC_WARN_ABOUT_RETURN_TYPE = YES_ERROR;
				GCC_WARN_UNDECLARED_SELECTOR = YES;
				GCC_WARN_UNINITIALIZED_AUTOS = YES_AGGRESSIVE;
				GCC_WARN_UNUSED_FUNCTION = YES;
				GCC_WARN_UNUSED_VARIABLE = YES;
				IPHONEOS_DEPLOYMENT_TARGET = 15.0;
				MTL_ENABLE_DEBUG_INFO = INCLUDE_SOURCE;
				MTL_FAST_MATH = YES;
				ONLY_ACTIVE_ARCH = YES;
				SDKROOT = iphoneos;
				SWIFT_ACTIVE_COMPILATION_CONDITIONS = DEBUG;
				SWIFT_OPTIMIZATION_LEVEL = "-Onone";
			};
			name = Debug;
		};
		19B0FB03272061620035354C /* Release */ = {
			isa = XCBuildConfiguration;
			buildSettings = {
				ALWAYS_SEARCH_USER_PATHS = NO;
				CLANG_ANALYZER_NONNULL = YES;
				CLANG_ANALYZER_NUMBER_OBJECT_CONVERSION = YES_AGGRESSIVE;
				CLANG_CXX_LANGUAGE_STANDARD = "gnu++17";
				CLANG_CXX_LIBRARY = "libc++";
				CLANG_ENABLE_MODULES = YES;
				CLANG_ENABLE_OBJC_ARC = YES;
				CLANG_ENABLE_OBJC_WEAK = YES;
				CLANG_WARN_BLOCK_CAPTURE_AUTORELEASING = YES;
				CLANG_WARN_BOOL_CONVERSION = YES;
				CLANG_WARN_COMMA = YES;
				CLANG_WARN_CONSTANT_CONVERSION = YES;
				CLANG_WARN_DEPRECATED_OBJC_IMPLEMENTATIONS = YES;
				CLANG_WARN_DIRECT_OBJC_ISA_USAGE = YES_ERROR;
				CLANG_WARN_DOCUMENTATION_COMMENTS = YES;
				CLANG_WARN_EMPTY_BODY = YES;
				CLANG_WARN_ENUM_CONVERSION = YES;
				CLANG_WARN_INFINITE_RECURSION = YES;
				CLANG_WARN_INT_CONVERSION = YES;
				CLANG_WARN_NON_LITERAL_NULL_CONVERSION = YES;
				CLANG_WARN_OBJC_IMPLICIT_RETAIN_SELF = YES;
				CLANG_WARN_OBJC_LITERAL_CONVERSION = YES;
				CLANG_WARN_OBJC_ROOT_CLASS = YES_ERROR;
				CLANG_WARN_QUOTED_INCLUDE_IN_FRAMEWORK_HEADER = YES;
				CLANG_WARN_RANGE_LOOP_ANALYSIS = YES;
				CLANG_WARN_STRICT_PROTOTYPES = YES;
				CLANG_WARN_SUSPICIOUS_MOVE = YES;
				CLANG_WARN_UNGUARDED_AVAILABILITY = YES_AGGRESSIVE;
				CLANG_WARN_UNREACHABLE_CODE = YES;
				CLANG_WARN__DUPLICATE_METHOD_MATCH = YES;
				COPY_PHASE_STRIP = NO;
				DEBUG_INFORMATION_FORMAT = "dwarf-with-dsym";
				ENABLE_NS_ASSERTIONS = NO;
				ENABLE_STRICT_OBJC_MSGSEND = YES;
				GCC_C_LANGUAGE_STANDARD = gnu11;
				GCC_NO_COMMON_BLOCKS = YES;
				GCC_WARN_64_TO_32_BIT_CONVERSION = YES;
				GCC_WARN_ABOUT_RETURN_TYPE = YES_ERROR;
				GCC_WARN_UNDECLARED_SELECTOR = YES;
				GCC_WARN_UNINITIALIZED_AUTOS = YES_AGGRESSIVE;
				GCC_WARN_UNUSED_FUNCTION = YES;
				GCC_WARN_UNUSED_VARIABLE = YES;
				IPHONEOS_DEPLOYMENT_TARGET = 15.0;
				MTL_ENABLE_DEBUG_INFO = NO;
				MTL_FAST_MATH = YES;
				SDKROOT = iphoneos;
				SWIFT_COMPILATION_MODE = wholemodule;
				SWIFT_OPTIMIZATION_LEVEL = "-O";
				VALIDATE_PRODUCT = YES;
			};
			name = Release;
		};
		19B0FB05272061620035354C /* Debug */ = {
			isa = XCBuildConfiguration;
			buildSettings = {
				ASSETCATALOG_COMPILER_APPICON_NAME = AppIcon;
				ASSETCATALOG_COMPILER_GLOBAL_ACCENT_COLOR_NAME = AccentColor;
				CODE_SIGN_STYLE = Automatic;
				CURRENT_PROJECT_VERSION = 1;
				DEVELOPMENT_ASSET_PATHS = "\"FavoriteThings/Preview Content\"";
				DEVELOPMENT_TEAM = 3ZC8R8YM24;
				ENABLE_PREVIEWS = YES;
				GENERATE_INFOPLIST_FILE = YES;
				INFOPLIST_KEY_UIApplicationSceneManifest_Generation = YES;
				INFOPLIST_KEY_UIApplicationSupportsIndirectInputEvents = YES;
				INFOPLIST_KEY_UILaunchScreen_Generation = YES;
				INFOPLIST_KEY_UISupportedInterfaceOrientations_iPad = "UIInterfaceOrientationPortrait UIInterfaceOrientationPortraitUpsideDown UIInterfaceOrientationLandscapeLeft UIInterfaceOrientationLandscapeRight";
				INFOPLIST_KEY_UISupportedInterfaceOrientations_iPhone = "UIInterfaceOrientationPortrait UIInterfaceOrientationLandscapeLeft UIInterfaceOrientationLandscapeRight";
				IPHONEOS_DEPLOYMENT_TARGET = 14.0;
				LD_RUNPATH_SEARCH_PATHS = (
					"$(inherited)",
					"@executable_path/Frameworks",
				);
				MARKETING_VERSION = 1.0;
				PRODUCT_BUNDLE_IDENTIFIER = ca.yanglillian.FavoriteThings;
				PRODUCT_NAME = "$(TARGET_NAME)";
				SWIFT_EMIT_LOC_STRINGS = YES;
				SWIFT_VERSION = 5.0;
				TARGETED_DEVICE_FAMILY = "1,2";
			};
			name = Debug;
		};
		19B0FB06272061620035354C /* Release */ = {
			isa = XCBuildConfiguration;
			buildSettings = {
				ASSETCATALOG_COMPILER_APPICON_NAME = AppIcon;
				ASSETCATALOG_COMPILER_GLOBAL_ACCENT_COLOR_NAME = AccentColor;
				CODE_SIGN_STYLE = Automatic;
				CURRENT_PROJECT_VERSION = 1;
				DEVELOPMENT_ASSET_PATHS = "\"FavoriteThings/Preview Content\"";
				DEVELOPMENT_TEAM = 3ZC8R8YM24;
				ENABLE_PREVIEWS = YES;
				GENERATE_INFOPLIST_FILE = YES;
				INFOPLIST_KEY_UIApplicationSceneManifest_Generation = YES;
				INFOPLIST_KEY_UIApplicationSupportsIndirectInputEvents = YES;
				INFOPLIST_KEY_UILaunchScreen_Generation = YES;
				INFOPLIST_KEY_UISupportedInterfaceOrientations_iPad = "UIInterfaceOrientationPortrait UIInterfaceOrientationPortraitUpsideDown UIInterfaceOrientationLandscapeLeft UIInterfaceOrientationLandscapeRight";
				INFOPLIST_KEY_UISupportedInterfaceOrientations_iPhone = "UIInterfaceOrientationPortrait UIInterfaceOrientationLandscapeLeft UIInterfaceOrientationLandscapeRight";
				IPHONEOS_DEPLOYMENT_TARGET = 14.0;
				LD_RUNPATH_SEARCH_PATHS = (
					"$(inherited)",
					"@executable_path/Frameworks",
				);
				MARKETING_VERSION = 1.0;
				PRODUCT_BUNDLE_IDENTIFIER = ca.yanglillian.FavoriteThings;
				PRODUCT_NAME = "$(TARGET_NAME)";
				SWIFT_EMIT_LOC_STRINGS = YES;
				SWIFT_VERSION = 5.0;
				TARGETED_DEVICE_FAMILY = "1,2";
			};
			name = Release;
		};
/* End XCBuildConfiguration section */

/* Begin XCConfigurationList section */
		19B0FAF1272061600035354C /* Build configuration list for PBXProject "FavoriteThings" */ = {
			isa = XCConfigurationList;
			buildConfigurations = (
				19B0FB02272061620035354C /* Debug */,
				19B0FB03272061620035354C /* Release */,
			);
			defaultConfigurationIsVisible = 0;
			defaultConfigurationName = Release;
		};
		19B0FB04272061620035354C /* Build configuration list for PBXNativeTarget "FavoriteThings" */ = {
			isa = XCConfigurationList;
			buildConfigurations = (
				19B0FB05272061620035354C /* Debug */,
				19B0FB06272061620035354C /* Release */,
			);
			defaultConfigurationIsVisible = 0;
			defaultConfigurationName = Release;
		};
/* End XCConfigurationList section */
	};
	rootObject = 19B0FAEE272061600035354C /* Project object */;
}
